
Microsoft Visual Studio Solution File, Format Version 12.00
# Visual Studio Version 17
VisualStudioVersion = 17.14.36616.10 d17.14
MinimumVisualStudioVersion = 10.0.40219.1
Project("{FAE04EC0-301F-11D3-BF4B-00C04F79EFBC}") = "ZoneControl", "ZoneControl.csproj", "{C4627662-A9D3-44D9-8371-9A61F7901EAA}"
EndProject
Global
	GlobalSection(SolutionConfigurationPlatforms) = preSolution
		Debug|x64 = Debug|x64
		Release|x64 = Release|x64
	EndGlobalSection
	GlobalSection(ProjectConfigurationPlatforms) = postSolution
		{C4627662-A9D3-44D9-8371-9A61F7901EAA}.Debug|x64.ActiveCfg = Debug|x64
		{C4627662-A9D3-44D9-8371-9A61F7901EAA}.Debug|x64.Build.0 = Debug|x64
		{C4627662-A9D3-44D9-8371-9A61F7901EAA}.Release|x64.ActiveCfg = Release|x64
		{C4627662-A9D3-44D9-8371-9A61F7901EAA}.Release|x64.Build.0 = Release|x64
	EndGlobalSection
	GlobalSection(SolutionProperties) = preSolution
		HideSolutionNode = FALSE
	EndGlobalSection
	GlobalSection(ExtensibilityGlobals) = postSolution
		SolutionGuid = {B10DDC5B-2CD9-47F1-983F-2F9CFEB7A572}
	EndGlobalSection
EndGlobal
